Microsoft Visual Studio Solution File, Format Version 12.00
# Visual Studio Version 16
VisualStudioVersion = 16.0.29006.145
MinimumVisualStudioVersion = 15.0.26124.0
Project("{2150E333-8FDC-42A3-9474-1A3956D46DE8}") = "src", "src", "{8FFDF555-DB50-45F9-9A2D-6410F39151C3}"
	ProjectSection(SolutionItems) = preProject
		src/Directory.Build.props = src/Directory.Build.props
		src/Directory.Build.targets = src/Directory.Build.targets
		src/.editorconfig = src/.editorconfig
	EndProjectSection
EndProject
Project("{2150E333-8FDC-42A3-9474-1A3956D46DE8}") = "test", "test", "{DF33E0FB-9790-4654-B60F-8AB22E0CC3D1}"
	ProjectSection(SolutionItems) = preProject
		test/Directory.Build.props = test/Directory.Build.props
		test/Directory.Build.targets = test/Directory.Build.targets
		test/.editorconfig = test/.editorconfig
	EndProjectSection
EndProject
Project("{9A19103F-16F7-4668-BE54-9A1E7A4F7556}") = ".build", ".build\.build.csproj", "{55EFAE2F-A7CA-4917-A381-4A6EF5E79610}"
EndProject
Project("{FAE04EC0-301F-11D3-BF4B-00C04F79EFBC}") = "Rocket.Surgery.MSBuild.CI", "src\CI\Rocket.Surgery.MSBuild.CI.csproj", "{504C2830-98E7-49F9-A165-D286AF049EB2}"
EndProject
Project("{FAE04EC0-301F-11D3-BF4B-00C04F79EFBC}") = "Rocket.Surgery.MSBuild.GitVersion", "src\GitVersion\Rocket.Surgery.MSBuild.GitVersion.csproj", "{63B04A24-CDC0-4909-8DD0-E19DA62A935B}"
EndProject
Project("{FAE04EC0-301F-11D3-BF4B-00C04F79EFBC}") = "Rocket.Surgery.MSBuild.JetBrains.Annotations", "src\JetBrains\Rocket.Surgery.MSBuild.JetBrains.Annotations.csproj", "{30E3AA0F-4FFA-40B8-B854-33648EC701CC}"
EndProject
Project("{FAE04EC0-301F-11D3-BF4B-00C04F79EFBC}") = "Rocket.Surgery.MSBuild.SourceLink", "src\SourceLink\Rocket.Surgery.MSBuild.SourceLink.csproj", "{AA0D3BF8-C358-4E5D-B937-A8C15D60614D}"
EndProject
Project("{FAE04EC0-301F-11D3-BF4B-00C04F79EFBC}") = "Rocket.Surgery.MSBuild.Tests", "test\Information.Tests\Rocket.Surgery.MSBuild.Tests.csproj", "{5EDE7E88-5A85-4855-A09F-55F0C840BB93}"
EndProject
Project("{2150E333-8FDC-42A3-9474-1A3956D46DE8}") = "config", "config", "{C3D5FCFC-8271-4A98-BF22-D56EFD1206E8}"
	ProjectSection(SolutionItems) = preProject
		.config/dotnet-tools.json = .config/dotnet-tools.json
		Directory.Build.props = Directory.Build.props
		Directory.Packages.props = Directory.Packages.props
		Directory.Packages.support.props = Directory.Packages.support.props
		Directory.Build.targets = Directory.Build.targets
		.editorconfig = .editorconfig
		build.cmd = build.cmd
		build.ps1 = build.ps1
		build.sh = build.sh
		GitReleaseManager.yaml = GitReleaseManager.yaml
		.appveyor.yml = .appveyor.yml
		.codecov.yml = .codecov.yml
		GitVersion.yml = GitVersion.yml
		LICENSE = LICENSE
		Readme.md = Readme.md
		.gitattributes = .gitattributes
		.gitignore = .gitignore
		.gitmodules = .gitmodules
		.prettierignore = .prettierignore
		.prettierrc = .prettierrc
		.lintstagedrc.js = .lintstagedrc.js
		NuGet.config = NuGet.config
		package.json = package.json
	EndProjectSection
EndProject
Project("{2150E333-8FDC-42A3-9474-1A3956D46DE8}") = ".github", ".github", "{6805A374-5E01-4A83-B179-224D0765AE04}"
	ProjectSection(SolutionItems) = preProject
		.github/dependabot.yml = .github/dependabot.yml
		.github/labels.yml = .github/labels.yml
		.github/release.yml = .github/release.yml
		.github/renovate.json = .github/renovate.json
	EndProjectSection
EndProject
Project("{2150E333-8FDC-42A3-9474-1A3956D46DE8}") = "workflows", "workflows", "{54992192-69EB-4F29-8466-778DA6530296}"
	ProjectSection(SolutionItems) = preProject
		.github/workflows/ci-ignore.yml = .github/workflows/ci-ignore.yml
		.github/workflows/ci.yml = .github/workflows/ci.yml
		.github/workflows/close-milestone.yml = .github/workflows/close-milestone.yml
		.github/workflows/dependabot-merge.yml = .github/workflows/dependabot-merge.yml
		.github/workflows/draft-release.yml = .github/workflows/draft-release.yml
		.github/workflows/sync-labels.yml = .github/workflows/sync-labels.yml
		.github/workflows/update-milestone.yml = .github/workflows/update-milestone.yml
		.github/workflows/lint.yml = .github/workflows/lint.yml
	EndProjectSection
EndProject
Project("{2150E333-8FDC-42A3-9474-1A3956D46DE8}") = ".husky", ".husky", "{78E64421-1156-466E-A77B-35DFD431C2E4}"
	ProjectSection(SolutionItems) = preProject
		.husky/pre-commit = .husky/pre-commit
	EndProjectSection
EndProject
Project("{2150E333-8FDC-42A3-9474-1A3956D46DE8}") = ".vscode", ".vscode", "{234984AF-8902-4FEC-AD1B-EC538A0FEB23}"
	ProjectSection(SolutionItems) = preProject
		.vscode/settings.json = .vscode/settings.json
	EndProjectSection
EndProject
Global
	GlobalSection(SolutionConfigurationPlatforms) = preSolution
		Debug|Any CPU = Debug|Any CPU
		Debug|x64 = Debug|x64
		Debug|x86 = Debug|x86
		Release|Any CPU = Release|Any CPU
		Release|x64 = Release|x64
		Release|x86 = Release|x86
	EndGlobalSection
	GlobalSection(ProjectConfigurationPlatforms) = postSolution
		{55EFAE2F-A7CA-4917-A381-4A6EF5E79610}.Debug|Any CPU.ActiveCfg = Debug|Any CPU
		{55EFAE2F-A7CA-4917-A381-4A6EF5E79610}.Debug|x64.ActiveCfg = Debug|Any CPU
		{55EFAE2F-A7CA-4917-A381-4A6EF5E79610}.Debug|x86.ActiveCfg = Debug|Any CPU
		{55EFAE2F-A7CA-4917-A381-4A6EF5E79610}.Release|Any CPU.ActiveCfg = Release|Any CPU
		{55EFAE2F-A7CA-4917-A381-4A6EF5E79610}.Release|x64.ActiveCfg = Release|Any CPU
		{55EFAE2F-A7CA-4917-A381-4A6EF5E79610}.Release|x86.ActiveCfg = Release|Any CPU
		{504C2830-98E7-49F9-A165-D286AF049EB2}.Debug|Any CPU.ActiveCfg = Debug|Any CPU
		{504C2830-98E7-49F9-A165-D286AF049EB2}.Debug|Any CPU.Build.0 = Debug|Any CPU
		{504C2830-98E7-49F9-A165-D286AF049EB2}.Debug|x64.ActiveCfg = Debug|Any CPU
		{504C2830-98E7-49F9-A165-D286AF049EB2}.Debug|x64.Build.0 = Debug|Any CPU
		{504C2830-98E7-49F9-A165-D286AF049EB2}.Debug|x86.ActiveCfg = Debug|Any CPU
		{504C2830-98E7-49F9-A165-D286AF049EB2}.Debug|x86.Build.0 = Debug|Any CPU
		{504C2830-98E7-49F9-A165-D286AF049EB2}.Release|Any CPU.ActiveCfg = Release|Any CPU
		{504C2830-98E7-49F9-A165-D286AF049EB2}.Release|Any CPU.Build.0 = Release|Any CPU
		{504C2830-98E7-49F9-A165-D286AF049EB2}.Release|x64.ActiveCfg = Release|Any CPU
		{504C2830-98E7-49F9-A165-D286AF049EB2}.Release|x64.Build.0 = Release|Any CPU
		{504C2830-98E7-49F9-A165-D286AF049EB2}.Release|x86.ActiveCfg = Release|Any CPU
		{504C2830-98E7-49F9-A165-D286AF049EB2}.Release|x86.Build.0 = Release|Any CPU
		{63B04A24-CDC0-4909-8DD0-E19DA62A935B}.Debug|Any CPU.ActiveCfg = Debug|Any CPU
		{63B04A24-CDC0-4909-8DD0-E19DA62A935B}.Debug|Any CPU.Build.0 = Debug|Any CPU
		{63B04A24-CDC0-4909-8DD0-E19DA62A935B}.Debug|x64.ActiveCfg = Debug|Any CPU
		{63B04A24-CDC0-4909-8DD0-E19DA62A935B}.Debug|x64.Build.0 = Debug|Any CPU
		{63B04A24-CDC0-4909-8DD0-E19DA62A935B}.Debug|x86.ActiveCfg = Debug|Any CPU
		{63B04A24-CDC0-4909-8DD0-E19DA62A935B}.Debug|x86.Build.0 = Debug|Any CPU
		{63B04A24-CDC0-4909-8DD0-E19DA62A935B}.Release|Any CPU.ActiveCfg = Release|Any CPU
		{63B04A24-CDC0-4909-8DD0-E19DA62A935B}.Release|Any CPU.Build.0 = Release|Any CPU
		{63B04A24-CDC0-4909-8DD0-E19DA62A935B}.Release|x64.ActiveCfg = Release|Any CPU
		{63B04A24-CDC0-4909-8DD0-E19DA62A935B}.Release|x64.Build.0 = Release|Any CPU
		{63B04A24-CDC0-4909-8DD0-E19DA62A935B}.Release|x86.ActiveCfg = Release|Any CPU
		{63B04A24-CDC0-4909-8DD0-E19DA62A935B}.Release|x86.Build.0 = Release|Any CPU
		{30E3AA0F-4FFA-40B8-B854-33648EC701CC}.Debug|Any CPU.ActiveCfg = Debug|Any CPU
		{30E3AA0F-4FFA-40B8-B854-33648EC701CC}.Debug|Any CPU.Build.0 = Debug|Any CPU
		{30E3AA0F-4FFA-40B8-B854-33648EC701CC}.Debug|x64.ActiveCfg = Debug|Any CPU
		{30E3AA0F-4FFA-40B8-B854-33648EC701CC}.Debug|x64.Build.0 = Debug|Any CPU
		{30E3AA0F-4FFA-40B8-B854-33648EC701CC}.Debug|x86.ActiveCfg = Debug|Any CPU
		{30E3AA0F-4FFA-40B8-B854-33648EC701CC}.Debug|x86.Build.0 = Debug|Any CPU
		{30E3AA0F-4FFA-40B8-B854-33648EC701CC}.Release|Any CPU.ActiveCfg = Release|Any CPU
		{30E3AA0F-4FFA-40B8-B854-33648EC701CC}.Release|Any CPU.Build.0 = Release|Any CPU
		{30E3AA0F-4FFA-40B8-B854-33648EC701CC}.Release|x64.ActiveCfg = Release|Any CPU
		{30E3AA0F-4FFA-40B8-B854-33648EC701CC}.Release|x64.Build.0 = Release|Any CPU
		{30E3AA0F-4FFA-40B8-B854-33648EC701CC}.Release|x86.ActiveCfg = Release|Any CPU
		{30E3AA0F-4FFA-40B8-B854-33648EC701CC}.Release|x86.Build.0 = Release|Any CPU
		{AA0D3BF8-C358-4E5D-B937-A8C15D60614D}.Debug|Any CPU.ActiveCfg = Debug|Any CPU
		{AA0D3BF8-C358-4E5D-B937-A8C15D60614D}.Debug|Any CPU.Build.0 = Debug|Any CPU
		{AA0D3BF8-C358-4E5D-B937-A8C15D60614D}.Debug|x64.ActiveCfg = Debug|Any CPU
		{AA0D3BF8-C358-4E5D-B937-A8C15D60614D}.Debug|x64.Build.0 = Debug|Any CPU
		{AA0D3BF8-C358-4E5D-B937-A8C15D60614D}.Debug|x86.ActiveCfg = Debug|Any CPU
		{AA0D3BF8-C358-4E5D-B937-A8C15D60614D}.Debug|x86.Build.0 = Debug|Any CPU
		{AA0D3BF8-C358-4E5D-B937-A8C15D60614D}.Release|Any CPU.ActiveCfg = Release|Any CPU
		{AA0D3BF8-C358-4E5D-B937-A8C15D60614D}.Release|Any CPU.Build.0 = Release|Any CPU
		{AA0D3BF8-C358-4E5D-B937-A8C15D60614D}.Release|x64.ActiveCfg = Release|Any CPU
		{AA0D3BF8-C358-4E5D-B937-A8C15D60614D}.Release|x64.Build.0 = Release|Any CPU
		{AA0D3BF8-C358-4E5D-B937-A8C15D60614D}.Release|x86.ActiveCfg = Release|Any CPU
		{AA0D3BF8-C358-4E5D-B937-A8C15D60614D}.Release|x86.Build.0 = Release|Any CPU
		{5EDE7E88-5A85-4855-A09F-55F0C840BB93}.Debug|Any CPU.ActiveCfg = Debug|Any CPU
		{5EDE7E88-5A85-4855-A09F-55F0C840BB93}.Debug|Any CPU.Build.0 = Debug|Any CPU
		{5EDE7E88-5A85-4855-A09F-55F0C840BB93}.Debug|x64.ActiveCfg = Debug|Any CPU
		{5EDE7E88-5A85-4855-A09F-55F0C840BB93}.Debug|x64.Build.0 = Debug|Any CPU
		{5EDE7E88-5A85-4855-A09F-55F0C840BB93}.Debug|x86.ActiveCfg = Debug|Any CPU
		{5EDE7E88-5A85-4855-A09F-55F0C840BB93}.Debug|x86.Build.0 = Debug|Any CPU
		{5EDE7E88-5A85-4855-A09F-55F0C840BB93}.Release|Any CPU.ActiveCfg = Release|Any CPU
		{5EDE7E88-5A85-4855-A09F-55F0C840BB93}.Release|Any CPU.Build.0 = Release|Any CPU
		{5EDE7E88-5A85-4855-A09F-55F0C840BB93}.Release|x64.ActiveCfg = Release|Any CPU
		{5EDE7E88-5A85-4855-A09F-55F0C840BB93}.Release|x64.Build.0 = Release|Any CPU
		{5EDE7E88-5A85-4855-A09F-55F0C840BB93}.Release|x86.ActiveCfg = Release|Any CPU
		{5EDE7E88-5A85-4855-A09F-55F0C840BB93}.Release|x86.Build.0 = Release|Any CPU
	EndGlobalSection
	GlobalSection(SolutionProperties) = preSolution
		HideSolutionNode = FALSE
	EndGlobalSection
	GlobalSection(NestedProjects) = preSolution
		{55EFAE2F-A7CA-4917-A381-4A6EF5E79610} = {C3D5FCFC-8271-4A98-BF22-D56EFD1206E8}
		{504C2830-98E7-49F9-A165-D286AF049EB2} = {8FFDF555-DB50-45F9-9A2D-6410F39151C3}
		{63B04A24-CDC0-4909-8DD0-E19DA62A935B} = {8FFDF555-DB50-45F9-9A2D-6410F39151C3}
		{30E3AA0F-4FFA-40B8-B854-33648EC701CC} = {8FFDF555-DB50-45F9-9A2D-6410F39151C3}
		{AA0D3BF8-C358-4E5D-B937-A8C15D60614D} = {8FFDF555-DB50-45F9-9A2D-6410F39151C3}
		{5EDE7E88-5A85-4855-A09F-55F0C840BB93} = {DF33E0FB-9790-4654-B60F-8AB22E0CC3D1}
		{6805A374-5E01-4A83-B179-224D0765AE04} = {C3D5FCFC-8271-4A98-BF22-D56EFD1206E8}
		{54992192-69EB-4F29-8466-778DA6530296} = {6805A374-5E01-4A83-B179-224D0765AE04}
		{78E64421-1156-466E-A77B-35DFD431C2E4} = {C3D5FCFC-8271-4A98-BF22-D56EFD1206E8}
		{234984AF-8902-4FEC-AD1B-EC538A0FEB23} = {C3D5FCFC-8271-4A98-BF22-D56EFD1206E8}
	EndGlobalSection
	GlobalSection(ExtensibilityGlobals) = postSolution
		SolutionGuid = {439897C2-CCBD-44FE-B2DC-A3E4670ADA59}
	EndGlobalSection
EndGlobal
